# BiliLiveCut Portable Lite -- runtime dependency lock (Python 3.11, Windows x64)
# Regenerate: pip install -r locks/requirements-runtime-py311-win-x64.lock && pip freeze > this_file
# Add --hash lines by running: pip freeze --require-hashes > this_file on a clean Windows venv

fastapi==0.115.6
uvicorn[standard]==0.34.0
sqlmodel==0.0.22
pydantic==2.10.5
python-multipart==0.0.18
websockets==14.1
aiofiles==24.1.0
python-dotenv==1.0.1
httpx==0.28.1
orjson==3.10.15
jinja2==3.1.5
faster-whisper==1.1.1
funasr==1.2.5
modelscope==1.24.0
