# BiliLiveCut Portable -- runtime dependency lock (Python 3.12, Windows x64)
# Generated by: pip download + Get-FileHash SHA256
# Regenerate: pip download --no-deps --only-binary=:all: --platform win_amd64 --python-version 3.12 -d _wheels [packages]
# Then: Get-FileHash on each .whl, format as --hash=sha256:HEX
# funasr depends on jieba (?Python sdist), included as allowed exception

fastapi==0.115.6 \
    --hash=sha256:E9240B29E36FA8F4BB7290316988E90C381E5092E0CBE84E7818CC3713BCF305
uvicorn==0.34.0 \
    --hash=sha256:023DC038422502FA28A09C7A30BF2B6991512DA7DCDB8FD35FE57CFC154126F4
sqlmodel==0.0.22 \
    --hash=sha256:A1ED13E28A1F4057CBF4FF6CDB4FC09E85702621D3259BA17B3C230BFB2F941B
pydantic==2.10.5 \
    --hash=sha256:4DD4E322DBE55472CB7CA7E73F4B63574EECCCF2835FFA2AF9021CE113C83C53
python-multipart==0.0.18 \
    --hash=sha256:EFE91480F485F6A361427A541DB4796F9E1591AFC0FB8E7A4BA06BFBC6708996
websockets==14.1 \
    --hash=sha256:90F4C7A069C733D95C308380AAE314F2CB45BD8A904FB03EB36D1A4983A4993F
aiofiles==24.1.0 \
    --hash=sha256:B4EC55F4195E3EB5D7ABD1BF7E061763E864DD4954231FB8539A0EF8BB8260E5
python-dotenv==1.0.1 \
    --hash=sha256:F7B63EF50F1B690DDDF550D03497B66D609393B40B564ED0D674909A68EBF16A
httpx==0.28.1 \
    --hash=sha256:D909FCCCC110F8C7FAF814CA82A9A4D816BC5A6DBFEA25D6591D6985B8BA59AD
orjson==3.10.15 \
    --hash=sha256:EF5B87E7AA9545DDADD2309EFE6824BD3DD64AC101C15DAE0F2F597911D46EAA
jinja2==3.1.5 \
    --hash=sha256:ABA0F4DC9ED8013C424088F68A5C226F7D6097ED89B246D7749C2EC4175C6ADB
faster-whisper==1.1.1 \
    --hash=sha256:5808DC334FB64FB4336921450ABCCFE5E313A859B31BA61DEF0AC7F639383D90
funasr==1.3.19 \
    --hash=sha256:311DF93639E55C54EAEC62D52F7ACE9AAD02C762F125C0AB2A6954E22AA87F19
modelscope==1.24.0 \
    --hash=sha256:B5C082798AAD354F4F077535763E2D0AD91FB29935DF6F2DF5CA9003EECA5B3C
